dependencies:
  espressif/esp_tinyusb:
    component_hash: 8fd9b59f52f89a40a6b63caf72f7c1389bcc5cd09b4c22a7408835c88fd78737
    dependencies:
    - name: idf
      require: private
      version: '>=5.0'
    - name: espressif/tinyusb
      registry_url: https://components.espressif.com
      require: public
      version: '>=0.14.2'
    source:
      registry_url: https://components.espressif.com/
      type: service
    version: 1.7.6
  espressif/tinyusb:
    component_hash: 7f73a4159dc95325ceaa4ade5e88734c4e1f5124746a3765cf61dc6157d78798
    dependencies:
    - name: idf
      require: private
      version: '>=5.0'
    source:
      registry_url: https://components.espressif.com/
      type: service
    targets:
    - esp32s2
    - esp32s3
    - esp32p4
    version: 0.17.0~2
  idf:
    source:
      type: idf
    version: 5.5.3
direct_dependencies:
- espressif/esp_tinyusb
- espressif/tinyusb
manifest_hash: 489a359d0da5ddf51b328088477ad9df0e6e4f9f64bc3119185a0d76845b62b8
target: esp32s3
version: 2.0.0
